<?xml version="1.0" encoding="utf-8"?>
<Project ToolsVersion="4.0" xmlns="http://schemas.microsoft.com/developer/msbuild/2003">
  <ItemGroup>
    <Filter Include="Source Files">
      <UniqueIdentifier>{4FC737F1-C7A5-4376-A066-2A32D752A2FF}</UniqueIdentifier>
      <Extensions>cpp;c;cc;cxx;def;odl;idl;hpj;bat;asm;asmx</Extensions>
    </Filter>
    <Filter Include="Header Files">
      <UniqueIdentifier>{93995380-89BD-4b04-88EB-625FBE52EBFB}</UniqueIdentifier>
      <Extensions>h;hh;hpp;hxx;hm;inl;inc;ipp;xsd</Extensions>
    </Filter>
    <Filter Include="Resource Files">
      <UniqueIdentifier>{67DA6AB6-F800-4c08-8B7A-83BB121AAD01}</UniqueIdentifier>
      <Extensions>rc;ico;cur;bmp;dlg;rc2;rct;bin;rgs;gif;jpg;jpeg;jpe;resx;tiff;tif;png;wav;mfcribbon-ms</Extensions>
    </Filter>
    <Filter Include="Header Files\光照算法">
      <UniqueIdentifier>{a9556de7-3e50-43be-a886-654ecf54af7f}</UniqueIdentifier>
    </Filter>
    <Filter Include="Header Files\Object">
      <UniqueIdentifier>{3a20b206-ad78-41e6-9271-110ac08aecf6}</UniqueIdentifier>
    </Filter>
    <Filter Include="Header Files\MaterialAndTex">
      <UniqueIdentifier>{e352b9e6-6783-48c1-b1b4-e230c2587c1d}</UniqueIdentifier>
    </Filter>
  </ItemGroup>
  <ItemGroup>
    <ClInclude Include="Ray.h">
      <Filter>Header Files</Filter>
    </ClInclude>
    <ClInclude Include="CoreMinimal.h">
      <Filter>Header Files</Filter>
    </ClInclude>
    <ClInclude Include="Camera.h">
      <Filter>Header Files</Filter>
    </ClInclude>
    <ClInclude Include="Random.h">
      <Filter>Header Files</Filter>
    </ClInclude>
    <ClInclude Include="Light.h">
      <Filter>Header Files</Filter>
    </ClInclude>
    <ClInclude Include="render.h">
      <Filter>Header Files</Filter>
    </ClInclude>
    <ClInclude Include="RayTracingDifine.h">
      <Filter>Header Files</Filter>
    </ClInclude>
    <ClInclude Include="BidirectionalPathTracingRender.h">
      <Filter>Header Files\光照算法</Filter>
    </ClInclude>
    <ClInclude Include="DistributedRender.h">
      <Filter>Header Files\光照算法</Filter>
    </ClInclude>
    <ClInclude Include="MetropolisRender.h">
      <Filter>Header Files\光照算法</Filter>
    </ClInclude>
    <ClInclude Include="PathTracingRender.h">
      <Filter>Header Files\光照算法</Filter>
    </ClInclude>
    <ClInclude Include="RayCasting.h">
      <Filter>Header Files\光照算法</Filter>
    </ClInclude>
    <ClInclude Include="WhittedRender.h">
      <Filter>Header Files\光照算法</Filter>
    </ClInclude>
    <ClInclude Include="Object.h">
      <Filter>Header Files\Object</Filter>
    </ClInclude>
    <ClInclude Include="MeshTriangle.h">
      <Filter>Header Files\Object</Filter>
    </ClInclude>
    <ClInclude Include="Shpere.h">
      <Filter>Header Files\Object</Filter>
    </ClInclude>
    <ClInclude Include="Color.h">
      <Filter>Header Files\MaterialAndTex</Filter>
    </ClInclude>
    <ClInclude Include="material.h">
      <Filter>Header Files\MaterialAndTex</Filter>
    </ClInclude>
    <ClInclude Include="MaterialMath.h">
      <Filter>Header Files\MaterialAndTex</Filter>
    </ClInclude>
    <ClInclude Include="ObjectList.h">
      <Filter>Header Files\Object</Filter>
    </ClInclude>
    <ClInclude Include="Texture.h">
      <Filter>Header Files\MaterialAndTex</Filter>
    </ClInclude>
    <ClInclude Include="Plane.h">
      <Filter>Header Files\Object</Filter>
    </ClInclude>
  </ItemGroup>
  <ItemGroup>
    <ClCompile Include="Plane.cpp">
      <Filter>Source Files</Filter>
    </ClCompile>
    <ClCompile Include="Main.cpp">
      <Filter>Source Files</Filter>
    </ClCompile>
    <ClCompile Include="material.cpp">
      <Filter>Source Files</Filter>
    </ClCompile>
    <ClCompile Include="render.cpp">
      <Filter>Source Files</Filter>
    </ClCompile>
    <ClCompile Include="ObjectList.cpp">
      <Filter>Source Files</Filter>
    </ClCompile>
    <ClCompile Include="RayCasting.cpp">
      <Filter>Source Files</Filter>
    </ClCompile>
    <ClCompile Include="WhittedRender.cpp">
      <Filter>Source Files</Filter>
    </ClCompile>
    <ClCompile Include="PathTracingRender.cpp">
      <Filter>Source Files</Filter>
    </ClCompile>
    <ClCompile Include="MetropolisRender.cpp">
      <Filter>Source Files</Filter>
    </ClCompile>
    <ClCompile Include="Texture.cpp">
      <Filter>Source Files</Filter>
    </ClCompile>
    <ClCompile Include="Shpere.cpp">
      <Filter>Source Files</Filter>
    </ClCompile>
    <ClCompile Include="DistributedRender.cpp">
      <Filter>Source Files</Filter>
    </ClCompile>
  </ItemGroup>
</Project>